
Microsoft Visual Studio Solution File, Format Version 12.00
# Visual Studio Version 17
VisualStudioVersion = 17.7.34221.43
MinimumVisualStudioVersion = 10.0.40219.1
Project("{FAE04EC0-301F-11D3-BF4B-00C04F79EFBC}") = "first_example", "reactive_programming\first_example.csproj", "{50DFB380-4CFD-476E-B4B6-950875E72B77}"
EndProject
Project("{FAE04EC0-301F-11D3-BF4B-00C04F79EFBC}") = "Observable", "Observable\Observable.csproj", "{B71B1562-608D-44F0-BAC4-DE6157EB4A1D}"
EndProject
Global
	GlobalSection(SolutionConfigurationPlatforms) = preSolution
		Debug|Any CPU = Debug|Any CPU
		Release|Any CPU = Release|Any CPU
	EndGlobalSection
	GlobalSection(ProjectConfigurationPlatforms) = postSolution
		{50DFB380-4CFD-476E-B4B6-950875E72B77}.Debug|Any CPU.ActiveCfg = Debug|Any CPU
		{50DFB380-4CFD-476E-B4B6-950875E72B77}.Debug|Any CPU.Build.0 = Debug|Any CPU
		{50DFB380-4CFD-476E-B4B6-950875E72B77}.Release|Any CPU.ActiveCfg = Release|Any CPU
		{50DFB380-4CFD-476E-B4B6-950875E72B77}.Release|Any CPU.Build.0 = Release|Any CPU
		{B71B1562-608D-44F0-BAC4-DE6157EB4A1D}.Debug|Any CPU.ActiveCfg = Debug|Any CPU
		{B71B1562-608D-44F0-BAC4-DE6157EB4A1D}.Debug|Any CPU.Build.0 = Debug|Any CPU
		{B71B1562-608D-44F0-BAC4-DE6157EB4A1D}.Release|Any CPU.ActiveCfg = Release|Any CPU
		{B71B1562-608D-44F0-BAC4-DE6157EB4A1D}.Release|Any CPU.Build.0 = Release|Any CPU
	EndGlobalSection
	GlobalSection(SolutionProperties) = preSolution
		HideSolutionNode = FALSE
	EndGlobalSection
	GlobalSection(ExtensibilityGlobals) = postSolution
		SolutionGuid = {379CBC95-3819-41DE-89B5-591C3D014BB6}
	EndGlobalSection
EndGlobal
